{
  "name": "calculator",
  "lockfileVersion": 3,
  "requires": true,
  "packages": {
    "": {
      "dependencies": {
        "lucide": "^0.541.0"
      }
    },
    "node_modules/lucide": {
      "version": "0.541.0",
      "resolved": "https://registry.npmjs.org/lucide/-/lucide-0.541.0.tgz",
      "integrity": "sha512-L4lj6PQMu3phzKEMGj3yX+1FXVMUtzjXEo4iajXSHmA3a93IxbFRmJddq96E8MYEP6JbBjs+fo4hVygZqngSVg==",
      "license": "ISC"
    }
  }
}
